{
  "name": "bun-template",
  "version": "1.0.0",
  "lockfileVersion": 2,
  "requires": true,
  "packages": {
    "": {
      "name": "bun-template",
      "version": "1.0.0",
      "license": "ISC",
      "dependencies": {
        "hono": "^2.2.5"
      }
    },
    "node_modules/hono": {
      "version": "2.2.5",
      "resolved": "https://registry.npmjs.org/hono/-/hono-2.2.5.tgz",
      "integrity": "sha512-qIOLwQYJrTGwSSLahXvQ60nJT+NhZqsf+zSvj3eitBPCxpb+bsA2cl4clJzo1WNB+3KdxAdfVmUzq2stzby3eg==",
      "engines": {
        "node": ">=16.0.0"
      }
    }
  },
  "dependencies": {
    "hono": {
      "version": "2.2.5",
      "resolved": "https://registry.npmjs.org/hono/-/hono-2.2.5.tgz",
      "integrity": "sha512-qIOLwQYJrTGwSSLahXvQ60nJT+NhZqsf+zSvj3eitBPCxpb+bsA2cl4clJzo1WNB+3KdxAdfVmUzq2stzby3eg=="
    }
  }
}
