{
  "name": "bun-template",
  "version": "1.0.0",
  "lockfileVersion": 2,
  "requires": true,
  "packages": {
    "": {
      "name": "bun-template",
      "version": "1.0.0",
      "license": "ISC",
      "dependencies": {
        "hono": "^2.2.5"
      }
    },
    "node_modules/hono": {
      "version": "2.2.5",
      "license": "MIT",
      "engines": {
        "node": ">=16.0.0"
      }
    }
  },
  "dependencies": {
    "hono": {
      "version": "2.2.5"
    }
  }
}
